
Microsoft Visual Studio Solution File, Format Version 12.00
# Visual Studio Version 17
VisualStudioVersion = 17.7.34031.279
MinimumVisualStudioVersion = 10.0.40219.1
Project("{FAE04EC0-301F-11D3-BF4B-00C04F79EFBC}") = "lao_IPT102-Movies_10-10-2023", "lao_IPT102-Movies_10-10-2023.csproj", "{B03B9C45-951F-4183-9C8E-E314A39C6D4A}"
EndProject
Global
	GlobalSection(SolutionConfigurationPlatforms) = preSolution
		Debug|Any CPU = Debug|Any CPU
		Release|Any CPU = Release|Any CPU
	EndGlobalSection
	GlobalSection(ProjectConfigurationPlatforms) = postSolution
		{B03B9C45-951F-4183-9C8E-E314A39C6D4A}.Debug|Any CPU.ActiveCfg = Debug|Any CPU
		{B03B9C45-951F-4183-9C8E-E314A39C6D4A}.Debug|Any CPU.Build.0 = Debug|Any CPU
		{B03B9C45-951F-4183-9C8E-E314A39C6D4A}.Release|Any CPU.ActiveCfg = Release|Any CPU
		{B03B9C45-951F-4183-9C8E-E314A39C6D4A}.Release|Any CPU.Build.0 = Release|Any CPU
	EndGlobalSection
	GlobalSection(SolutionProperties) = preSolution
		HideSolutionNode = FALSE
	EndGlobalSection
	GlobalSection(ExtensibilityGlobals) = postSolution
		SolutionGuid = {A9EFA0DA-7906-483B-9C35-37F1335BB651}
	EndGlobalSection
EndGlobal
